// !$*UTF8*$!
{
	archiveVersion = 1;
	classes = {
	};
	objectVersion = 50;
	objects = {

/* Begin PBXBuildFile section */
		B13565D223E0DB5400AD2FF4 /* AppDelegate.swift in Sources */ = {isa = PBXBuildFile; fileRef = B13565D123E0DB5400AD2FF4 /* AppDelegate.swift */; };
		B13565D823E0DB5500AD2FF4 /* GameScene.swift in Sources */ = {isa = PBXBuildFile; fileRef = B13565D723E0DB5500AD2FF4 /* GameScene.swift */; };
		B13565DA23E0DB5500AD2FF4 /* GameViewController.swift in Sources */ = {isa = PBXBuildFile; fileRef = B13565D923E0DB5500AD2FF4 /* GameViewController.swift */; };
		B13565DD23E0DB5500AD2FF4 /* Main.storyboard in Resources */ = {isa = PBXBuildFile; fileRef = B13565DB23E0DB5500AD2FF4 /* Main.storyboard */; };
		B13565DF23E0DB5600AD2FF4 /* Assets.xcassets in Resources */ = {isa = PBXBuildFile; fileRef = B13565DE23E0DB5600AD2FF4 /* Assets.xcassets */; };
		B13565E223E0DB5600AD2FF4 /* LaunchScreen.storyboard in Resources */ = {isa = PBXBuildFile; fileRef = B13565E023E0DB5600AD2FF4 /* LaunchScreen.storyboard */; };
		B13565F523E0E12000AD2FF4 /* land.png in Resources */ = {isa = PBXBuildFile; fileRef = B13565EC23E0E12000AD2FF4 /* land.png */; };
		B13565F623E0E12000AD2FF4 /* PipeDown.png in Resources */ = {isa = PBXBuildFile; fileRef = B13565ED23E0E12000AD2FF4 /* PipeDown.png */; };
		B13565F723E0E12000AD2FF4 /* PipeUp.png in Resources */ = {isa = PBXBuildFile; fileRef = B13565EE23E0E12000AD2FF4 /* PipeUp.png */; };
		B13565F823E0E12000AD2FF4 /* bird-03.png in Resources */ = {isa = PBXBuildFile; fileRef = B13565EF23E0E12000AD2FF4 /* bird-03.png */; };
		B13565F923E0E12000AD2FF4 /* bird-02.png in Resources */ = {isa = PBXBuildFile; fileRef = B13565F023E0E12000AD2FF4 /* bird-02.png */; };
		B13565FA23E0E12000AD2FF4 /* bird-01.png in Resources */ = {isa = PBXBuildFile; fileRef = B13565F123E0E12000AD2FF4 /* bird-01.png */; };
		B13565FB23E0E12000AD2FF4 /* bird-04.png in Resources */ = {isa = PBXBuildFile; fileRef = B13565F223E0E12000AD2FF4 /* bird-04.png */; };
		B13565FC23E0E12000AD2FF4 /* sky.png in Resources */ = {isa = PBXBuildFile; fileRef = B13565F323E0E12000AD2FF4 /* sky.png */; };
		B13565FD23E0E12000AD2FF4 /* scoreboard.png in Resources */ = {isa = PBXBuildFile; fileRef = B13565F423E0E12000AD2FF4 /* scoreboard.png */; };
/* End PBXBuildFile section */

/* Begin PBXFileReference section */
		B13565CE23E0DB5400AD2FF4 /* FlappyBrids.app */ = {isa = PBXFileReference; explicitFileType = wrapper.application; includeInIndex = 0; path = FlappyBrids.app; sourceTree = BUILT_PRODUCTS_DIR; };
		B13565D123E0DB5400AD2FF4 /* AppDelegate.swift */ = {isa = PBXFileReference; lastKnownFileType = sourcecode.swift; path = AppDelegate.swift; sourceTree = "<group>"; };
		B13565D723E0DB5500AD2FF4 /* GameScene.swift */ = {isa = PBXFileReference; lastKnownFileType = sourcecode.swift; path = GameScene.swift; sourceTree = "<group>"; };
		B13565D923E0DB5500AD2FF4 /* GameViewController.swift */ = {isa = PBXFileReference; lastKnownFileType = sourcecode.swift; path = GameViewController.swift; sourceTree = "<group>"; };
		B13565DC23E0DB5500AD2FF4 /* Base */ = {isa = PBXFileReference; lastKnownFileType = file.storyboard; name = Base; path = Base.lproj/Main.storyboard; sourceTree = "<group>"; };
		B13565DE23E0DB5600AD2FF4 /* Assets.xcassets */ = {isa = PBXFileReference; lastKnownFileType = folder.assetcatalog; path = Assets.xcassets; sourceTree = "<group>"; };
		B13565E123E0DB5600AD2FF4 /* Base */ = {isa = PBXFileReference; lastKnownFileType = file.storyboard; name = Base; path = Base.lproj/LaunchScreen.storyboard; sourceTree = "<group>"; };
		B13565E323E0DB5600AD2FF4 /* Info.plist */ = {isa = PBXFileReference; lastKnownFileType = text.plist.xml; path = Info.plist; sourceTree = "<group>"; };
		B13565EC23E0E12000AD2FF4 /* land.png */ = {isa = PBXFileReference; lastKnownFileType = image.png; path = land.png; sourceTree = "<group>"; };
		B13565ED23E0E12000AD2FF4 /* PipeDown.png */ = {isa = PBXFileReference; lastKnownFileType = image.png; path = PipeDown.png; sourceTree = "<group>"; };
		B13565EE23E0E12000AD2FF4 /* PipeUp.png */ = {isa = PBXFileReference; lastKnownFileType = image.png; path = PipeUp.png; sourceTree = "<group>"; };
		B13565EF23E0E12000AD2FF4 /* bird-03.png */ = {isa = PBXFileReference; lastKnownFileType = image.png; path = "bird-03.png"; sourceTree = "<group>"; };
		B13565F023E0E12000AD2FF4 /* bird-02.png */ = {isa = PBXFileReference; lastKnownFileType = image.png; path = "bird-02.png"; sourceTree = "<group>"; };
		B13565F123E0E12000AD2FF4 /* bird-01.png */ = {isa = PBXFileReference; lastKnownFileType = image.png; path = "bird-01.png"; sourceTree = "<group>"; };
		B13565F223E0E12000AD2FF4 /* bird-04.png */ = {isa = PBXFileReference; lastKnownFileType = image.png; path = "bird-04.png"; sourceTree = "<group>"; };
		B13565F323E0E12000AD2FF4 /* sky.png */ = {isa = PBXFileReference; lastKnownFileType = image.png; path = sky.png; sourceTree = "<group>"; };
		B13565F423E0E12000AD2FF4 /* scoreboard.png */ = {isa = PBXFileReference; lastKnownFileType = image.png; path = scoreboard.png; sourceTree = "<group>"; };
/* End PBXFileReference section */

/* Begin PBXFrameworksBuildPhase section */
		B13565CB23E0DB5400AD2FF4 /* Frameworks */ = {
			isa = PBXFrameworksBuildPhase;
			buildActionMask = 2147483647;
			files = (
			);
			runOnlyForDeploymentPostprocessing = 0;
		};
/* End PBXFrameworksBuildPhase section */

/* Begin PBXGroup section */
		B13565C523E0DB5400AD2FF4 = {
			isa = PBXGroup;
			children = (
				B13565D023E0DB5400AD2FF4 /* FlappyBrids */,
				B13565CF23E0DB5400AD2FF4 /* Products */,
			);
			sourceTree = "<group>";
		};
		B13565CF23E0DB5400AD2FF4 /* Products */ = {
			isa = PBXGroup;
			children = (
				B13565CE23E0DB5400AD2FF4 /* FlappyBrids.app */,
			);
			name = Products;
			sourceTree = "<group>";
		};
		B13565D023E0DB5400AD2FF4 /* FlappyBrids */ = {
			isa = PBXGroup;
			children = (
				B13565EB23E0E12000AD2FF4 /* assets */,
				B13565D123E0DB5400AD2FF4 /* AppDelegate.swift */,
				B13565D723E0DB5500AD2FF4 /* GameScene.swift */,
				B13565D923E0DB5500AD2FF4 /* GameViewController.swift */,
				B13565DB23E0DB5500AD2FF4 /* Main.storyboard */,
				B13565DE23E0DB5600AD2FF4 /* Assets.xcassets */,
				B13565E023E0DB5600AD2FF4 /* LaunchScreen.storyboard */,
				B13565E323E0DB5600AD2FF4 /* Info.plist */,
			);
			path = FlappyBrids;
			sourceTree = "<group>";
		};
		B13565EB23E0E12000AD2FF4 /* assets */ = {
			isa = PBXGroup;
			children = (
				B13565EC23E0E12000AD2FF4 /* land.png */,
				B13565ED23E0E12000AD2FF4 /* PipeDown.png */,
				B13565EE23E0E12000AD2FF4 /* PipeUp.png */,
				B13565EF23E0E12000AD2FF4 /* bird-03.png */,
				B13565F023E0E12000AD2FF4 /* bird-02.png */,
				B13565F123E0E12000AD2FF4 /* bird-01.png */,
				B13565F223E0E12000AD2FF4 /* bird-04.png */,
				B13565F323E0E12000AD2FF4 /* sky.png */,
				B13565F423E0E12000AD2FF4 /* scoreboard.png */,
			);
			name = assets;
			path = ../../../Downloads/assets;
			sourceTree = "<group>";
		};
/* End PBXGroup section */

/* Begin PBXNativeTarget section */
		B13565CD23E0DB5400AD2FF4 /* FlappyBrids */ = {
			isa = PBXNativeTarget;
			buildConfigurationList = B13565E623E0DB5600AD2FF4 /* Build configuration list for PBXNativeTarget "FlappyBrids" */;
			buildPhases = (
				B13565CA23E0DB5400AD2FF4 /* Sources */,
				B13565CB23E0DB5400AD2FF4 /* Frameworks */,
				B13565CC23E0DB5400AD2FF4 /* Resources */,
			);
			buildRules = (
			);
			dependencies = (
			);
			name = FlappyBrids;
			productName = FlappyBrids;
			productReference = B13565CE23E0DB5400AD2FF4 /* FlappyBrids.app */;
			productType = "com.apple.product-type.application";
		};
/* End PBXNativeTarget section */

/* Begin PBXProject section */
		B13565C623E0DB5400AD2FF4 /* Project object */ = {
			isa = PBXProject;
			attributes = {
				LastSwiftUpdateCheck = 1130;
				LastUpgradeCheck = 1130;
				ORGANIZATIONNAME = c.henrique.de.araujo;
				TargetAttributes = {
					B13565CD23E0DB5400AD2FF4 = {
						CreatedOnToolsVersion = 11.3;
					};
				};
			};
			buildConfigurationList = B13565C923E0DB5400AD2FF4 /* Build configuration list for PBXProject "FlappyBrids" */;
			compatibilityVersion = "Xcode 9.3";
			developmentRegion = en;
			hasScannedForEncodings = 0;
			knownRegions = (
				en,
				Base,
			);
			mainGroup = B13565C523E0DB5400AD2FF4;
			productRefGroup = B13565CF23E0DB5400AD2FF4 /* Products */;
			projectDirPath = "";
			projectRoot = "";
			targets = (
				B13565CD23E0DB5400AD2FF4 /* FlappyBrids */,
			);
		};
/* End PBXProject section */

/* Begin PBXResourcesBuildPhase section */
		B13565CC23E0DB5400AD2FF4 /* Resources */ = {
			isa = PBXResourcesBuildPhase;
			buildActionMask = 2147483647;
			files = (
				B13565F623E0E12000AD2FF4 /* PipeDown.png in Resources */,
				B13565DD23E0DB5500AD2FF4 /* Main.storyboard in Resources */,
				B13565F823E0E12000AD2FF4 /* bird-03.png in Resources */,
				B13565DF23E0DB5600AD2FF4 /* Assets.xcassets in Resources */,
				B13565FB23E0E12000AD2FF4 /* bird-04.png in Resources */,
				B13565FA23E0E12000AD2FF4 /* bird-01.png in Resources */,
				B13565F523E0E12000AD2FF4 /* land.png in Resources */,
				B13565F723E0E12000AD2FF4 /* PipeUp.png in Resources */,
				B13565F923E0E12000AD2FF4 /* bird-02.png in Resources */,
				B13565FD23E0E12000AD2FF4 /* scoreboard.png in Resources */,
				B13565FC23E0E12000AD2FF4 /* sky.png in Resources */,
				B13565E223E0DB5600AD2FF4 /* LaunchScreen.storyboard in Resources */,
			);
			runOnlyForDeploymentPostprocessing = 0;
		};
/* End PBXResourcesBuildPhase section */

/* Begin PBXSourcesBuildPhase section */
		B13565CA23E0DB5400AD2FF4 /* Sources */ = {
			isa = PBXSourcesBuildPhase;
			buildActionMask = 2147483647;
			files = (
				B13565D823E0DB5500AD2FF4 /* GameScene.swift in Sources */,
				B13565DA23E0DB5500AD2FF4 /* GameViewController.swift in Sources */,
				B13565D223E0DB5400AD2FF4 /* AppDelegate.swift in Sources */,
			);
			runOnlyForDeploymentPostprocessing = 0;
		};
/* End PBXSourcesBuildPhase section */

/* Begin PBXVariantGroup section */
		B13565DB23E0DB5500AD2FF4 /* Main.storyboard */ = {
			isa = PBXVariantGroup;
			children = (
				B13565DC23E0DB5500AD2FF4 /* Base */,
			);
			name = Main.storyboard;
			sourceTree = "<group>";
		};
		B13565E023E0DB5600AD2FF4 /* LaunchScreen.storyboard */ = {
			isa = PBXVariantGroup;
			children = (
				B13565E123E0DB5600AD2FF4 /* Base */,
			);
			name = LaunchScreen.storyboard;
			sourceTree = "<group>";
		};
/* End PBXVariantGroup section */

/* Begin XCBuildConfiguration section */
		B13565E423E0DB5600AD2FF4 /* Debug */ = {
			isa = XCBuildConfiguration;
			buildSettings = {
				ALWAYS_SEARCH_USER_PATHS = NO;
				CLANG_ANALYZER_NONNULL = YES;
				CLANG_ANALYZER_NUMBER_OBJECT_CONVERSION = YES_AGGRESSIVE;
				CLANG_CXX_LANGUAGE_STANDARD = "gnu++14";
				CLANG_CXX_LIBRARY = "libc++";
				CLANG_ENABLE_MODULES = YES;
				CLANG_ENABLE_OBJC_ARC = YES;
				CLANG_ENABLE_OBJC_WEAK = YES;
				CLANG_WARN_BLOCK_CAPTURE_AUTORELEASING = YES;
				CLANG_WARN_BOOL_CONVERSION = YES;
				CLANG_WARN_COMMA = YES;
				CLANG_WARN_CONSTANT_CONVERSION = YES;
				CLANG_WARN_DEPRECATED_OBJC_IMPLEMENTATIONS = YES;
				CLANG_WARN_DIRECT_OBJC_ISA_USAGE = YES_ERROR;
				CLANG_WARN_DOCUMENTATION_COMMENTS = YES;
				CLANG_WARN_EMPTY_BODY = YES;
				CLANG_WARN_ENUM_CONVERSION = YES;
				CLANG_WARN_INFINITE_RECURSION = YES;
				CLANG_WARN_INT_CONVERSION = YES;
				CLANG_WARN_NON_LITERAL_NULL_CONVERSION = YES;
				CLANG_WARN_OBJC_IMPLICIT_RETAIN_SELF = YES;
				CLANG_WARN_OBJC_LITERAL_CONVERSION = YES;
				CLANG_WARN_OBJC_ROOT_CLASS = YES_ERROR;
				CLANG_WARN_RANGE_LOOP_ANALYSIS = YES;
				CLANG_WARN_STRICT_PROTOTYPES = YES;
				CLANG_WARN_SUSPICIOUS_MOVE = YES;
				CLANG_WARN_UNGUARDED_AVAILABILITY = YES_AGGRESSIVE;
				CLANG_WARN_UNREACHABLE_CODE = YES;
				CLANG_WARN__DUPLICATE_METHOD_MATCH = YES;
				COPY_PHASE_STRIP = NO;
				DEBUG_INFORMATION_FORMAT = dwarf;
				ENABLE_STRICT_OBJC_MSGSEND = YES;
				ENABLE_TESTABILITY = YES;
				GCC_C_LANGUAGE_STANDARD = gnu11;
				GCC_DYNAMIC_NO_PIC = NO;
				GCC_NO_COMMON_BLOCKS = YES;
				GCC_OPTIMIZATION_LEVEL = 0;
				GCC_PREPROCESSOR_DEFINITIONS = (
					"DEBUG=1",
					"$(inherited)",
				);
				GCC_WARN_64_TO_32_BIT_CONVERSION = YES;
				GCC_WARN_ABOUT_RETURN_TYPE = YES_ERROR;
				GCC_WARN_UNDECLARED_SELECTOR = YES;
				GCC_WARN_UNINITIALIZED_AUTOS = YES_AGGRESSIVE;
				GCC_WARN_UNUSED_FUNCTION = YES;
				GCC_WARN_UNUSED_VARIABLE = YES;
				IPHONEOS_DEPLOYMENT_TARGET = 13.2;
				MTL_ENABLE_DEBUG_INFO = INCLUDE_SOURCE;
				MTL_FAST_MATH = YES;
				ONLY_ACTIVE_ARCH = YES;
				SDKROOT = iphoneos;
				SWIFT_ACTIVE_COMPILATION_CONDITIONS = DEBUG;
				SWIFT_OPTIMIZATION_LEVEL = "-Onone";
			};
			name = Debug;
		};
		B13565E523E0DB5600AD2FF4 /* Release */ = {
			isa = XCBuildConfiguration;
			buildSettings = {
				ALWAYS_SEARCH_USER_PATHS = NO;
				CLANG_ANALYZER_NONNULL = YES;
				CLANG_ANALYZER_NUMBER_OBJECT_CONVERSION = YES_AGGRESSIVE;
				CLANG_CXX_LANGUAGE_STANDARD = "gnu++14";
				CLANG_CXX_LIBRARY = "libc++";
				CLANG_ENABLE_MODULES = YES;
				CLANG_ENABLE_OBJC_ARC = YES;
				CLANG_ENABLE_OBJC_WEAK = YES;
				CLANG_WARN_BLOCK_CAPTURE_AUTORELEASING = YES;
				CLANG_WARN_BOOL_CONVERSION = YES;
				CLANG_WARN_COMMA = YES;
				CLANG_WARN_CONSTANT_CONVERSION = YES;
				CLANG_WARN_DEPRECATED_OBJC_IMPLEMENTATIONS = YES;
				CLANG_WARN_DIRECT_OBJC_ISA_USAGE = YES_ERROR;
				CLANG_WARN_DOCUMENTATION_COMMENTS = YES;
				CLANG_WARN_EMPTY_BODY = YES;
				CLANG_WARN_ENUM_CONVERSION = YES;
				CLANG_WARN_INFINITE_RECURSION = YES;
				CLANG_WARN_INT_CONVERSION = YES;
				CLANG_WARN_NON_LITERAL_NULL_CONVERSION = YES;
				CLANG_WARN_OBJC_IMPLICIT_RETAIN_SELF = YES;
				CLANG_WARN_OBJC_LITERAL_CONVERSION = YES;
				CLANG_WARN_OBJC_ROOT_CLASS = YES_ERROR;
				CLANG_WARN_RANGE_LOOP_ANALYSIS = YES;
				CLANG_WARN_STRICT_PROTOTYPES = YES;
				CLANG_WARN_SUSPICIOUS_MOVE = YES;
				CLANG_WARN_UNGUARDED_AVAILABILITY = YES_AGGRESSIVE;
				CLANG_WARN_UNREACHABLE_CODE = YES;
				CLANG_WARN__DUPLICATE_METHOD_MATCH = YES;
				COPY_PHASE_STRIP = NO;
				DEBUG_INFORMATION_FORMAT = "dwarf-with-dsym";
				ENABLE_NS_ASSERTIONS = NO;
				ENABLE_STRICT_OBJC_MSGSEND = YES;
				GCC_C_LANGUAGE_STANDARD = gnu11;
				GCC_NO_COMMON_BLOCKS = YES;
				GCC_WARN_64_TO_32_BIT_CONVERSION = YES;
				GCC_WARN_ABOUT_RETURN_TYPE = YES_ERROR;
				GCC_WARN_UNDECLARED_SELECTOR = YES;
				GCC_WARN_UNINITIALIZED_AUTOS = YES_AGGRESSIVE;
				GCC_WARN_UNUSED_FUNCTION = YES;
				GCC_WARN_UNUSED_VARIABLE = YES;
				IPHONEOS_DEPLOYMENT_TARGET = 13.2;
				MTL_ENABLE_DEBUG_INFO = NO;
				MTL_FAST_MATH = YES;
				SDKROOT = iphoneos;
				SWIFT_COMPILATION_MODE = wholemodule;
				SWIFT_OPTIMIZATION_LEVEL = "-O";
				VALIDATE_PRODUCT = YES;
			};
			name = Release;
		};
		B13565E723E0DB5600AD2FF4 /* Debug */ = {
			isa = XCBuildConfiguration;
			buildSettings = {
				ASSETCATALOG_COMPILER_APPICON_NAME = AppIcon;
				CODE_SIGN_STYLE = Automatic;
				INFOPLIST_FILE = FlappyBrids/Info.plist;
				LD_RUNPATH_SEARCH_PATHS = (
					"$(inherited)",
					"@executable_path/Frameworks",
				);
				PRODUCT_BUNDLE_IDENTIFIER = "com-carlos.FlappyBrids";
				PRODUCT_NAME = "$(TARGET_NAME)";
				SWIFT_VERSION = 5.0;
				TARGETED_DEVICE_FAMILY = "1,2";
			};
			name = Debug;
		};
		B13565E823E0DB5600AD2FF4 /* Release */ = {
			isa = XCBuildConfiguration;
			buildSettings = {
				ASSETCATALOG_COMPILER_APPICON_NAME = AppIcon;
				CODE_SIGN_STYLE = Automatic;
				INFOPLIST_FILE = FlappyBrids/Info.plist;
				LD_RUNPATH_SEARCH_PATHS = (
					"$(inherited)",
					"@executable_path/Frameworks",
				);
				PRODUCT_BUNDLE_IDENTIFIER = "com-carlos.FlappyBrids";
				PRODUCT_NAME = "$(TARGET_NAME)";
				SWIFT_VERSION = 5.0;
				TARGETED_DEVICE_FAMILY = "1,2";
			};
			name = Release;
		};
/* End XCBuildConfiguration section */

/* Begin XCConfigurationList section */
		B13565C923E0DB5400AD2FF4 /* Build configuration list for PBXProject "FlappyBrids" */ = {
			isa = XCConfigurationList;
			buildConfigurations = (
				B13565E423E0DB5600AD2FF4 /* Debug */,
				B13565E523E0DB5600AD2FF4 /* Release */,
			);
			defaultConfigurationIsVisible = 0;
			defaultConfigurationName = Release;
		};
		B13565E623E0DB5600AD2FF4 /* Build configuration list for PBXNativeTarget "FlappyBrids" */ = {
			isa = XCConfigurationList;
			buildConfigurations = (
				B13565E723E0DB5600AD2FF4 /* Debug */,
				B13565E823E0DB5600AD2FF4 /* Release */,
			);
			defaultConfigurationIsVisible = 0;
			defaultConfigurationName = Release;
		};
/* End XCConfigurationList section */
	};
	rootObject = B13565C623E0DB5400AD2FF4 /* Project object */;
}
